
Microsoft Visual Studio Solution File, Format Version 12.00
# Visual Studio Version 17
VisualStudioVersion = 17.11.35327.3
MinimumVisualStudioVersion = 10.0.40219.1
Project("{FAE04EC0-301F-11D3-BF4B-00C04F79EFBC}") = "encrypt-by-n-letters-ahead", "encrypt-by-n-letters-ahead\encrypt-by-n-letters-ahead.csproj", "{A99E1950-630D-49D3-930E-4FA3C167D745}"
EndProject
Global
	GlobalSection(SolutionConfigurationPlatforms) = preSolution
		Debug|Any CPU = Debug|Any CPU
		Release|Any CPU = Release|Any CPU
	EndGlobalSection
	GlobalSection(ProjectConfigurationPlatforms) = postSolution
		{A99E1950-630D-49D3-930E-4FA3C167D745}.Debug|Any CPU.ActiveCfg = Debug|Any CPU
		{A99E1950-630D-49D3-930E-4FA3C167D745}.Debug|Any CPU.Build.0 = Debug|Any CPU
		{A99E1950-630D-49D3-930E-4FA3C167D745}.Release|Any CPU.ActiveCfg = Release|Any CPU
		{A99E1950-630D-49D3-930E-4FA3C167D745}.Release|Any CPU.Build.0 = Release|Any CPU
	EndGlobalSection
	GlobalSection(SolutionProperties) = preSolution
		HideSolutionNode = FALSE
	EndGlobalSection
	GlobalSection(ExtensibilityGlobals) = postSolution
		SolutionGuid = {77BEA8A4-BDA0-4D09-8CBA-9F03D212D2C6}
	EndGlobalSection
EndGlobal
